
Microsoft Visual Studio Solution File, Format Version 12.00
# Visual Studio Version 17
VisualStudioVersion = 17.14.36623.8
MinimumVisualStudioVersion = 10.0.40219.1
Project("{FAE04EC0-301F-11D3-BF4B-00C04F79EFBC}") = "Common.Email", "Common.Email\Common.Email.csproj", "{7852A268-50A4-A55C-5EAF-4017CCC96E08}"
EndProject
Project("{FAE04EC0-301F-11D3-BF4B-00C04F79EFBC}") = "Common.Exceptions", "Common.Exceptions\Common.Exceptions.csproj", "{8886577D-7404-76B0-6CE8-E270D728173B}"
EndProject
Project("{FAE04EC0-301F-11D3-BF4B-00C04F79EFBC}") = "Common.Extensions", "Common.Extensions\Common.Extensions.csproj", "{723947B6-9670-865B-01E5-3D8494385646}"
EndProject
Project("{FAE04EC0-301F-11D3-BF4B-00C04F79EFBC}") = "Common.Logging", "Common.Logging\Common.Logging.csproj", "{842F009A-DE2F-E4C0-D368-65B4C3E8E944}"
EndProject
Project("{FAE04EC0-301F-11D3-BF4B-00C04F79EFBC}") = "Common.Results", "Common.Results\Common.Results.csproj", "{B8A1CFF9-528B-857B-2A97-1CB742EE4D8F}"
EndProject
Global
	GlobalSection(SolutionConfigurationPlatforms) = preSolution
		Debug|Any CPU = Debug|Any CPU
		Release|Any CPU = Release|Any CPU
	EndGlobalSection
	GlobalSection(ProjectConfigurationPlatforms) = postSolution
		{7852A268-50A4-A55C-5EAF-4017CCC96E08}.Debug|Any CPU.ActiveCfg = Debug|Any CPU
		{7852A268-50A4-A55C-5EAF-4017CCC96E08}.Debug|Any CPU.Build.0 = Debug|Any CPU
		{7852A268-50A4-A55C-5EAF-4017CCC96E08}.Release|Any CPU.ActiveCfg = Release|Any CPU
		{7852A268-50A4-A55C-5EAF-4017CCC96E08}.Release|Any CPU.Build.0 = Release|Any CPU
		{8886577D-7404-76B0-6CE8-E270D728173B}.Debug|Any CPU.ActiveCfg = Debug|Any CPU
		{8886577D-7404-76B0-6CE8-E270D728173B}.Debug|Any CPU.Build.0 = Debug|Any CPU
		{8886577D-7404-76B0-6CE8-E270D728173B}.Release|Any CPU.ActiveCfg = Release|Any CPU
		{8886577D-7404-76B0-6CE8-E270D728173B}.Release|Any CPU.Build.0 = Release|Any CPU
		{723947B6-9670-865B-01E5-3D8494385646}.Debug|Any CPU.ActiveCfg = Debug|Any CPU
		{723947B6-9670-865B-01E5-3D8494385646}.Debug|Any CPU.Build.0 = Debug|Any CPU
		{723947B6-9670-865B-01E5-3D8494385646}.Release|Any CPU.ActiveCfg = Release|Any CPU
		{723947B6-9670-865B-01E5-3D8494385646}.Release|Any CPU.Build.0 = Release|Any CPU
		{842F009A-DE2F-E4C0-D368-65B4C3E8E944}.Debug|Any CPU.ActiveCfg = Debug|Any CPU
		{842F009A-DE2F-E4C0-D368-65B4C3E8E944}.Debug|Any CPU.Build.0 = Debug|Any CPU
		{842F009A-DE2F-E4C0-D368-65B4C3E8E944}.Release|Any CPU.ActiveCfg = Release|Any CPU
		{842F009A-DE2F-E4C0-D368-65B4C3E8E944}.Release|Any CPU.Build.0 = Release|Any CPU
		{B8A1CFF9-528B-857B-2A97-1CB742EE4D8F}.Debug|Any CPU.ActiveCfg = Debug|Any CPU
		{B8A1CFF9-528B-857B-2A97-1CB742EE4D8F}.Debug|Any CPU.Build.0 = Debug|Any CPU
		{B8A1CFF9-528B-857B-2A97-1CB742EE4D8F}.Release|Any CPU.ActiveCfg = Release|Any CPU
		{B8A1CFF9-528B-857B-2A97-1CB742EE4D8F}.Release|Any CPU.Build.0 = Release|Any CPU
	EndGlobalSection
	GlobalSection(SolutionProperties) = preSolution
		HideSolutionNode = FALSE
	EndGlobalSection
	GlobalSection(ExtensibilityGlobals) = postSolution
		SolutionGuid = {1FE0DCF7-9074-45EB-ACCA-1172CAF68CF1}
	EndGlobalSection
EndGlobal
